
Microsoft Visual Studio Solution File, Format Version 12.00
# Visual Studio 15
Project("{FAE04EC0-301F-11D3-BF4B-00C04F79EFBC}") = "Assembly-CSharp-Editor", "Assembly-CSharp-Editor.csproj", "{C61C3C1B-3C7F-7C9C-1C82-9DF0C389B81C}"
EndProject
Project("{FAE04EC0-301F-11D3-BF4B-00C04F79EFBC}") = "Assembly-CSharp", "Assembly-CSharp.csproj", "{31252CE4-0569-8E98-7C61-88B2F80DAF0B}"
EndProject
Global
	GlobalSection(SolutionConfigurationPlatforms) = preSolution
		Debug|Any CPU = Debug|Any CPU
		Release|Any CPU = Release|Any CPU
	EndGlobalSection
	GlobalSection(ProjectConfigurationPlatforms) = postSolution
		{C61C3C1B-3C7F-7C9C-1C82-9DF0C389B81C}.Debug|Any CPU.ActiveCfg = Debug|Any CPU
		{C61C3C1B-3C7F-7C9C-1C82-9DF0C389B81C}.Debug|Any CPU.Build.0 = Debug|Any CPU
		{C61C3C1B-3C7F-7C9C-1C82-9DF0C389B81C}.Release|Any CPU.ActiveCfg = Release|Any CPU
		{C61C3C1B-3C7F-7C9C-1C82-9DF0C389B81C}.Release|Any CPU.Build.0 = Release|Any CPU
		{31252CE4-0569-8E98-7C61-88B2F80DAF0B}.Debug|Any CPU.ActiveCfg = Debug|Any CPU
		{31252CE4-0569-8E98-7C61-88B2F80DAF0B}.Debug|Any CPU.Build.0 = Debug|Any CPU
		{31252CE4-0569-8E98-7C61-88B2F80DAF0B}.Release|Any CPU.ActiveCfg = Release|Any CPU
		{31252CE4-0569-8E98-7C61-88B2F80DAF0B}.Release|Any CPU.Build.0 = Release|Any CPU
	EndGlobalSection
	GlobalSection(SolutionProperties) = preSolution
		HideSolutionNode = FALSE
	EndGlobalSection
EndGlobal
